
Microsoft Visual Studio Solution File, Format Version 12.00
# Visual Studio Version 17
VisualStudioVersion = 17.0.31903.59
MinimumVisualStudioVersion = 10.0.40219.1
Project("{FAE04EC0-301F-11D3-BF4B-00C04F79EFBC}") = "CutUrl.Domain", "CutUrl.Domain\CutUrl.Domain.csproj", "{FE782688-5C43-47EE-8BCE-BFF736407651}"
EndProject
Project("{FAE04EC0-301F-11D3-BF4B-00C04F79EFBC}") = "ShortUrl", "ShortUrl\ShortUrl.csproj", "{A35CF5ED-2398-42D5-AEBC-90882D64F13B}"
EndProject
Global
	GlobalSection(SolutionConfigurationPlatforms) = preSolution
		Debug|Any CPU = Debug|Any CPU
		Release|Any CPU = Release|Any CPU
	EndGlobalSection
	GlobalSection(ProjectConfigurationPlatforms) = postSolution
		{FE782688-5C43-47EE-8BCE-BFF736407651}.Debug|Any CPU.ActiveCfg = Debug|Any CPU
		{FE782688-5C43-47EE-8BCE-BFF736407651}.Debug|Any CPU.Build.0 = Debug|Any CPU
		{FE782688-5C43-47EE-8BCE-BFF736407651}.Release|Any CPU.ActiveCfg = Release|Any CPU
		{FE782688-5C43-47EE-8BCE-BFF736407651}.Release|Any CPU.Build.0 = Release|Any CPU
		{A35CF5ED-2398-42D5-AEBC-90882D64F13B}.Debug|Any CPU.ActiveCfg = Debug|Any CPU
		{A35CF5ED-2398-42D5-AEBC-90882D64F13B}.Debug|Any CPU.Build.0 = Debug|Any CPU
		{A35CF5ED-2398-42D5-AEBC-90882D64F13B}.Release|Any CPU.ActiveCfg = Release|Any CPU
		{A35CF5ED-2398-42D5-AEBC-90882D64F13B}.Release|Any CPU.Build.0 = Release|Any CPU
	EndGlobalSection
	GlobalSection(SolutionProperties) = preSolution
		HideSolutionNode = FALSE
	EndGlobalSection
	GlobalSection(ExtensibilityGlobals) = postSolution
		SolutionGuid = {AD66B6F8-7480-4B5E-A1C6-CEFB74A80E78}
	EndGlobalSection
EndGlobal
